
Microsoft Visual Studio Solution File, Format Version 12.00
# Visual Studio Version 16
VisualStudioVersion = 16.0.32510.428
MinimumVisualStudioVersion = 10.0.40219.1
Project("{FAE04EC0-301F-11D3-BF4B-00C04F79EFBC}") = "exercicios", "exercicios\exercicios.csproj", "{7269F55C-9204-4B34-8E34-F2CDA29A5E50}"
EndProject
Global
	GlobalSection(SolutionConfigurationPlatforms) = preSolution
		Debug|Any CPU = Debug|Any CPU
		Release|Any CPU = Release|Any CPU
	EndGlobalSection
	GlobalSection(ProjectConfigurationPlatforms) = postSolution
		{7269F55C-9204-4B34-8E34-F2CDA29A5E50}.Debug|Any CPU.ActiveCfg = Debug|Any CPU
		{7269F55C-9204-4B34-8E34-F2CDA29A5E50}.Debug|Any CPU.Build.0 = Debug|Any CPU
		{7269F55C-9204-4B34-8E34-F2CDA29A5E50}.Release|Any CPU.ActiveCfg = Release|Any CPU
		{7269F55C-9204-4B34-8E34-F2CDA29A5E50}.Release|Any CPU.Build.0 = Release|Any CPU
	EndGlobalSection
	GlobalSection(SolutionProperties) = preSolution
		HideSolutionNode = FALSE
	EndGlobalSection
	GlobalSection(ExtensibilityGlobals) = postSolution
		SolutionGuid = {8C7F8515-73B3-4BE5-AD8E-7A91985DA43C}
	EndGlobalSection
EndGlobal
